
Microsoft Visual Studio Solution File, Format Version 12.00
Project("{FAE04EC0-301F-11D3-BF4B-00C04F79EFBC}") = "ASPNET1", "ASPNET1\ASPNET1.csproj", "{9222F675-1DB4-42DE-8B81-4AE2A2571CAD}"
EndProject
Global
	GlobalSection(SolutionConfigurationPlatforms) = preSolution
		Debug|Any CPU = Debug|Any CPU
		Release|Any CPU = Release|Any CPU
	EndGlobalSection
	GlobalSection(ProjectConfigurationPlatforms) = postSolution
		{9222F675-1DB4-42DE-8B81-4AE2A2571CAD}.Debug|Any CPU.ActiveCfg = Debug|Any CPU
		{9222F675-1DB4-42DE-8B81-4AE2A2571CAD}.Debug|Any CPU.Build.0 = Debug|Any CPU
		{9222F675-1DB4-42DE-8B81-4AE2A2571CAD}.Release|Any CPU.ActiveCfg = Release|Any CPU
		{9222F675-1DB4-42DE-8B81-4AE2A2571CAD}.Release|Any CPU.Build.0 = Release|Any CPU
	EndGlobalSection
EndGlobal
